
Microsoft Visual Studio Solution File, Format Version 12.00
# Visual Studio Version 17
VisualStudioVersion = 17.10.35013.160
MinimumVisualStudioVersion = 10.0.40219.1
Project("{9A19103F-16F7-4668-BE54-9A1E7A4F7556}") = "CampusApp", "AppSaisieDeNotes\CampusApp.csproj", "{A44872C6-83B9-4D5F-BF3D-E91D2D825390}"
EndProject
Global
	GlobalSection(SolutionConfigurationPlatforms) = preSolution
		Debug|Any CPU = Debug|Any CPU
		Release|Any CPU = Release|Any CPU
	EndGlobalSection
	GlobalSection(ProjectConfigurationPlatforms) = postSolution
		{A44872C6-83B9-4D5F-BF3D-E91D2D825390}.Debug|Any CPU.ActiveCfg = Debug|Any CPU
		{A44872C6-83B9-4D5F-BF3D-E91D2D825390}.Debug|Any CPU.Build.0 = Debug|Any CPU
		{A44872C6-83B9-4D5F-BF3D-E91D2D825390}.Release|Any CPU.ActiveCfg = Release|Any CPU
		{A44872C6-83B9-4D5F-BF3D-E91D2D825390}.Release|Any CPU.Build.0 = Release|Any CPU
	EndGlobalSection
	GlobalSection(SolutionProperties) = preSolution
		HideSolutionNode = FALSE
	EndGlobalSection
	GlobalSection(ExtensibilityGlobals) = postSolution
		SolutionGuid = {748BE1D0-DEA0-4722-8896-BF249ADA2623}
	EndGlobalSection
EndGlobal
